
Microsoft Visual Studio Solution File, Format Version 12.00
# Visual Studio 2013
VisualStudioVersion = 12.0.31101.0
MinimumVisualStudioVersion = 10.0.40219.1
Project("{FAE04EC0-301F-11D3-BF4B-00C04F79EFBC}") = "StarWarsAPI", "StarWarsAPI\StarWarsAPI.csproj", "{EDE35826-385A-4A65-9B23-CA13520BE543}"
EndProject
Project("{FAE04EC0-301F-11D3-BF4B-00C04F79EFBC}") = "StarWarsConsoleTestApp", "StarWarsConsoleTestApp\StarWarsConsoleTestApp.csproj", "{2CE9B7F2-19C4-4AB9-8796-BDC21338D02D}"
EndProject
Project("{FAE04EC0-301F-11D3-BF4B-00C04F79EFBC}") = "StarWarsAPIUnitTest", "StarWarsAPIUnitTest\StarWarsAPIUnitTest.csproj", "{23D07F39-F9DA-4B08-9CD9-5DA058BB01D3}"
EndProject
Global
	GlobalSection(SolutionConfigurationPlatforms) = preSolution
		Debug|Any CPU = Debug|Any CPU
		Release|Any CPU = Release|Any CPU
	EndGlobalSection
	GlobalSection(ProjectConfigurationPlatforms) = postSolution
		{EDE35826-385A-4A65-9B23-CA13520BE543}.Debug|Any CPU.ActiveCfg = Debug|Any CPU
		{EDE35826-385A-4A65-9B23-CA13520BE543}.Debug|Any CPU.Build.0 = Debug|Any CPU
		{EDE35826-385A-4A65-9B23-CA13520BE543}.Release|Any CPU.ActiveCfg = Release|Any CPU
		{EDE35826-385A-4A65-9B23-CA13520BE543}.Release|Any CPU.Build.0 = Release|Any CPU
		{2CE9B7F2-19C4-4AB9-8796-BDC21338D02D}.Debug|Any CPU.ActiveCfg = Debug|Any CPU
		{2CE9B7F2-19C4-4AB9-8796-BDC21338D02D}.Debug|Any CPU.Build.0 = Debug|Any CPU
		{2CE9B7F2-19C4-4AB9-8796-BDC21338D02D}.Release|Any CPU.ActiveCfg = Release|Any CPU
		{2CE9B7F2-19C4-4AB9-8796-BDC21338D02D}.Release|Any CPU.Build.0 = Release|Any CPU
		{23D07F39-F9DA-4B08-9CD9-5DA058BB01D3}.Debug|Any CPU.ActiveCfg = Debug|Any CPU
		{23D07F39-F9DA-4B08-9CD9-5DA058BB01D3}.Debug|Any CPU.Build.0 = Debug|Any CPU
		{23D07F39-F9DA-4B08-9CD9-5DA058BB01D3}.Release|Any CPU.ActiveCfg = Release|Any CPU
		{23D07F39-F9DA-4B08-9CD9-5DA058BB01D3}.Release|Any CPU.Build.0 = Release|Any CPU
	EndGlobalSection
	GlobalSection(SolutionProperties) = preSolution
		HideSolutionNode = FALSE
	EndGlobalSection
EndGlobal
